// !$*UTF8*$!
{
	archiveVersion = 1;
	classes = {
	};
	objectVersion = 51;
	objects = {

/* Begin PBXBuildFile section */
		2E54541EB2686DFC7FEB2CBC /* Pods_CrushApp_CrushAppUITests.framework in Frameworks */ = {isa = PBXBuildFile; fileRef = 86C08177F959BC87C3985BFE /* Pods_CrushApp_CrushAppUITests.framework */; };
		42B2247E9A048E7DEA192C98 /* Pods_CrushAppTests.framework in Frameworks */ = {isa = PBXBuildFile; fileRef = 7CAF01F39EF242C46F445CC2 /* Pods_CrushAppTests.framework */; };
		792A517E27F8B1BE00A55AD3 /* ItemViewModelNotification.swift in Sources */ = {isa = PBXBuildFile; fileRef = 792A517D27F8B1BE00A55AD3 /* ItemViewModelNotification.swift */; };
		792A51A927F8E14000A55AD3 /* GoogleService-Info.plist in Resources */ = {isa = PBXBuildFile; fileRef = 792A51A827F8E14000A55AD3 /* GoogleService-Info.plist */; };
		793E149027D445B20024C0C3 /* CrushAppApp.swift in Sources */ = {isa = PBXBuildFile; fileRef = 793E148F27D445B20024C0C3 /* CrushAppApp.swift */; };
		793E149227D445B20024C0C3 /* ContentView.swift in Sources */ = {isa = PBXBuildFile; fileRef = 793E149127D445B20024C0C3 /* ContentView.swift */; };
		793E149727D445B40024C0C3 /* Preview Assets.xcassets in Resources */ = {isa = PBXBuildFile; fileRef = 793E149627D445B40024C0C3 /* Preview Assets.xcassets */; };
		793E14A227D445B40024C0C3 /* CrushAppTests.swift in Sources */ = {isa = PBXBuildFile; fileRef = 793E14A127D445B40024C0C3 /* CrushAppTests.swift */; };
		793E14AD27D445B40024C0C3 /* CrushAppUITests.swift in Sources */ = {isa = PBXBuildFile; fileRef = 793E14AC27D445B40024C0C3 /* CrushAppUITests.swift */; };
		793E14C927D44F3D0024C0C3 /* Colors.xcassets in Resources */ = {isa = PBXBuildFile; fileRef = 793E14C827D44F3D0024C0C3 /* Colors.xcassets */; };
		793E14CF27D454A60024C0C3 /* NavigationStack.swift in Sources */ = {isa = PBXBuildFile; fileRef = 793E14CE27D454A60024C0C3 /* NavigationStack.swift */; };
		793E14D727D4551C0024C0C3 /* ViewManifests.swift in Sources */ = {isa = PBXBuildFile; fileRef = 793E14D627D4551C0024C0C3 /* ViewManifests.swift */; };
		793E14E227D457140024C0C3 /* LoginView.swift in Sources */ = {isa = PBXBuildFile; fileRef = 793E14E127D457140024C0C3 /* LoginView.swift */; };
		793E14EF27D459960024C0C3 /* ViewModelsLogin.swift in Sources */ = {isa = PBXBuildFile; fileRef = 793E14EE27D459960024C0C3 /* ViewModelsLogin.swift */; };
		793E14FF27D45A730024C0C3 /* SplashScreenView.swift in Sources */ = {isa = PBXBuildFile; fileRef = 793E14FE27D45A730024C0C3 /* SplashScreenView.swift */; };
		793E150427D45AEA0024C0C3 /* ModalManager.swift in Sources */ = {isa = PBXBuildFile; fileRef = 793E150327D45AEA0024C0C3 /* ModalManager.swift */; };
		793E150927D45B350024C0C3 /* Modal.swift in Sources */ = {isa = PBXBuildFile; fileRef = 793E150827D45B350024C0C3 /* Modal.swift */; };
		793E151127D46F160024C0C3 /* TerminosView.swift in Sources */ = {isa = PBXBuildFile; fileRef = 793E151027D46F160024C0C3 /* TerminosView.swift */; };
		793E151927D46F2F0024C0C3 /* TerminosViewModel.swift in Sources */ = {isa = PBXBuildFile; fileRef = 793E151827D46F2F0024C0C3 /* TerminosViewModel.swift */; };
		793E151E27D46FB60024C0C3 /* ViewModelSplash.swift in Sources */ = {isa = PBXBuildFile; fileRef = 793E151D27D46FB60024C0C3 /* ViewModelSplash.swift */; };
		793E152427D5B91A0024C0C3 /* ButtonStyles.swift in Sources */ = {isa = PBXBuildFile; fileRef = 793E152327D5B91A0024C0C3 /* ButtonStyles.swift */; };
		793E153427D667250024C0C3 /* MainNavigationView.swift in Sources */ = {isa = PBXBuildFile; fileRef = 793E153327D667250024C0C3 /* MainNavigationView.swift */; };
		793E153C27D667400024C0C3 /*  ViewModelMainNavigation.swift in Sources */ = {isa = PBXBuildFile; fileRef = 793E153B27D667400024C0C3 /*  ViewModelMainNavigation.swift */; };
		793E154327D66BA70024C0C3 /* HomeView.swift in Sources */ = {isa = PBXBuildFile; fileRef = 793E154227D66BA70024C0C3 /* HomeView.swift */; };
		793E154B27D66BD40024C0C3 /* ViewModelHome.swift in Sources */ = {isa = PBXBuildFile; fileRef = 793E154A27D66BD40024C0C3 /* ViewModelHome.swift */; };
		793E155227D66C5B0024C0C3 /* FotosView.swift in Sources */ = {isa = PBXBuildFile; fileRef = 793E155127D66C5B0024C0C3 /* FotosView.swift */; };
		793E155A27D66C7A0024C0C3 /* ViewModelFotos.swift in Sources */ = {isa = PBXBuildFile; fileRef = 793E155927D66C7A0024C0C3 /* ViewModelFotos.swift */; };
		793E156C27D670820024C0C3 /* CrushView.swift in Sources */ = {isa = PBXBuildFile; fileRef = 793E156B27D670820024C0C3 /* CrushView.swift */; };
		793E157127D671190024C0C3 /* CurshViewModel.swift in Sources */ = {isa = PBXBuildFile; fileRef = 793E157027D671190024C0C3 /* CurshViewModel.swift */; };
		793E157827D671DC0024C0C3 /* SettingsView.swift in Sources */ = {isa = PBXBuildFile; fileRef = 793E157727D671DC0024C0C3 /* SettingsView.swift */; };
		793E158027D671F80024C0C3 /* ViewModelSetting.swift in Sources */ = {isa = PBXBuildFile; fileRef = 793E157F27D671F80024C0C3 /* ViewModelSetting.swift */; };
		793E158827D714920024C0C3 /* Assets.xcassets in Resources */ = {isa = PBXBuildFile; fileRef = 793E158727D714920024C0C3 /* Assets.xcassets */; };
		793E158E27D840910024C0C3 /* ItemPersonaHome.swift in Sources */ = {isa = PBXBuildFile; fileRef = 793E158D27D840910024C0C3 /* ItemPersonaHome.swift */; };
		793E159727D8419E0024C0C3 /* UserClass.swift in Sources */ = {isa = PBXBuildFile; fileRef = 793E159627D8419E0024C0C3 /* UserClass.swift */; };
		793E15A227D8531E0024C0C3 /* CrushDetailView.swift in Sources */ = {isa = PBXBuildFile; fileRef = 793E15A127D8531E0024C0C3 /* CrushDetailView.swift */; };
		793E15AA27D853440024C0C3 /* ViewModelCrushDetail.swift in Sources */ = {isa = PBXBuildFile; fileRef = 793E15A927D853440024C0C3 /* ViewModelCrushDetail.swift */; };
		793E15AF27D853770024C0C3 /* ItemPersonHomeViewModel.swift in Sources */ = {isa = PBXBuildFile; fileRef = 793E15AE27D853770024C0C3 /* ItemPersonHomeViewModel.swift */; };
		793E15B527DAC8990024C0C3 /* ItemGalery.swift in Sources */ = {isa = PBXBuildFile; fileRef = 793E15B427DAC8990024C0C3 /* ItemGalery.swift */; };
		793E15BD27DAC8DC0024C0C3 /* ViewModelItemGalery.swift in Sources */ = {isa = PBXBuildFile; fileRef = 793E15BC27DAC8DC0024C0C3 /* ViewModelItemGalery.swift */; };
		793E15C227DF9F090024C0C3 /* GlobalStructs.swift in Sources */ = {isa = PBXBuildFile; fileRef = 793E15C127DF9F090024C0C3 /* GlobalStructs.swift */; };
		796A855A27DFE3CF0002E23C /* Constanst.swift in Sources */ = {isa = PBXBuildFile; fileRef = 796A855927DFE3CF0002E23C /* Constanst.swift */; };
		796A855F27DFEDD60002E23C /* LoginService.swift in Sources */ = {isa = PBXBuildFile; fileRef = 796A855E27DFEDD60002E23C /* LoginService.swift */; };
		796A857F27DFEF750002E23C /* IndicativeModel.swift in Sources */ = {isa = PBXBuildFile; fileRef = 796A857E27DFEF750002E23C /* IndicativeModel.swift */; };
		796A858427E190160002E23C /* AppDelegate.swift in Sources */ = {isa = PBXBuildFile; fileRef = 796A858327E190160002E23C /* AppDelegate.swift */; };
		796A859627E259530002E23C /* KeynsChains.swift in Sources */ = {isa = PBXBuildFile; fileRef = 796A859527E259530002E23C /* KeynsChains.swift */; };
		796A859B27E292F00002E23C /* DataApp.swift in Sources */ = {isa = PBXBuildFile; fileRef = 796A859A27E292F00002E23C /* DataApp.swift */; };
		796A85A027E2C9460002E23C /* ContactLocalService.swift in Sources */ = {isa = PBXBuildFile; fileRef = 796A859F27E2C9460002E23C /* ContactLocalService.swift */; };
		796A85A527E2CE5D0002E23C /* ContactModel.swift in Sources */ = {isa = PBXBuildFile; fileRef = 796A85A427E2CE5D0002E23C /* ContactModel.swift */; };
		796A85AB27E52D380002E23C /* UserList.swift in Sources */ = {isa = PBXBuildFile; fileRef = 796A85AA27E52D380002E23C /* UserList.swift */; };
		796A85B327E543FD0002E23C /* ServiceHomeView.swift in Sources */ = {isa = PBXBuildFile; fileRef = 796A85B227E543FD0002E23C /* ServiceHomeView.swift */; };
		796A85B827E5440F0002E23C /* HomeViewCase.swift in Sources */ = {isa = PBXBuildFile; fileRef = 796A85B727E5440F0002E23C /* HomeViewCase.swift */; };
		796A85BD27E54AEF0002E23C /* HomeViewModules.swift in Sources */ = {isa = PBXBuildFile; fileRef = 796A85BC27E54AEF0002E23C /* HomeViewModules.swift */; };
		796A85C227E62B0E0002E23C /* ImageUrlLoad.swift in Sources */ = {isa = PBXBuildFile; fileRef = 796A85C127E62B0E0002E23C /* ImageUrlLoad.swift */; };
		797A59B027E904B500B04E1C /* CrushDetailService.swift in Sources */ = {isa = PBXBuildFile; fileRef = 797A59AF27E904B500B04E1C /* CrushDetailService.swift */; };
		797A59B527E904D600B04E1C /* UserCaseDetailCrush.swift in Sources */ = {isa = PBXBuildFile; fileRef = 797A59B427E904D600B04E1C /* UserCaseDetailCrush.swift */; };
		797A59BA27EA546B00B04E1C /* DetailCrushModels.swift in Sources */ = {isa = PBXBuildFile; fileRef = 797A59B927EA546B00B04E1C /* DetailCrushModels.swift */; };
		797A59C227F0E94200B04E1C /* CameraHelper.swift in Sources */ = {isa = PBXBuildFile; fileRef = 797A59C127F0E94200B04E1C /* CameraHelper.swift */; };
		797A59C827F1009700B04E1C /* PhotoCase.swift in Sources */ = {isa = PBXBuildFile; fileRef = 797A59C727F1009700B04E1C /* PhotoCase.swift */; };
		797A59D027F100A600B04E1C /* PhotoService.swift in Sources */ = {isa = PBXBuildFile; fileRef = 797A59CF27F100A600B04E1C /* PhotoService.swift */; };
		797A59D527F101C900B04E1C /* PhotosResponse.swift in Sources */ = {isa = PBXBuildFile; fileRef = 797A59D427F101C900B04E1C /* PhotosResponse.swift */; };
		797A59DB27F1456800B04E1C /* ItemCrush.swift in Sources */ = {isa = PBXBuildFile; fileRef = 797A59DA27F1456800B04E1C /* ItemCrush.swift */; };
		797A59E327F2125200B04E1C /* CrushResponse.swift in Sources */ = {isa = PBXBuildFile; fileRef = 797A59E227F2125200B04E1C /* CrushResponse.swift */; };
		797A59E827F2220D00B04E1C /* CrushICase.swift in Sources */ = {isa = PBXBuildFile; fileRef = 797A59E727F2220D00B04E1C /* CrushICase.swift */; };
		797A59ED27F2222700B04E1C /* CrushService.swift in Sources */ = {isa = PBXBuildFile; fileRef = 797A59EC27F2222700B04E1C /* CrushService.swift */; };
		797A59F527F2331D00B04E1C /* ListNotificationView.swift in Sources */ = {isa = PBXBuildFile; fileRef = 797A59F427F2331D00B04E1C /* ListNotificationView.swift */; };
		797A59FA27F3F4F300B04E1C /* LocalStorage.swift in Sources */ = {isa = PBXBuildFile; fileRef = 797A59F927F3F4F300B04E1C /* LocalStorage.swift */; };
		797A59FF27F3FB6800B04E1C /* ListNotificationViewModel.swift in Sources */ = {isa = PBXBuildFile; fileRef = 797A59FE27F3FB6800B04E1C /* ListNotificationViewModel.swift */; };
		797A5A2C27F4A70600B04E1C /* NotificationResponse.swift in Sources */ = {isa = PBXBuildFile; fileRef = 797A5A2B27F4A70600B04E1C /* NotificationResponse.swift */; };
		797A5A3D27F4B51D00B04E1C /* ItemViewNotification.swift in Sources */ = {isa = PBXBuildFile; fileRef = 797A5A3C27F4B51D00B04E1C /* ItemViewNotification.swift */; };
		797A5A4227F5109700B04E1C /* SettingUserCase.swift in Sources */ = {isa = PBXBuildFile; fileRef = 797A5A4127F5109700B04E1C /* SettingUserCase.swift */; };
		797A5A4727F510A700B04E1C /* SettingsServices.swift in Sources */ = {isa = PBXBuildFile; fileRef = 797A5A4627F510A700B04E1C /* SettingsServices.swift */; };
		A3739DEF5B44D1AA384AAB6F /* Pods_CrushApp.framework in Frameworks */ = {isa = PBXBuildFile; fileRef = 1567911B7C2BC1C8E4987E19 /* Pods_CrushApp.framework */; };
/* End PBXBuildFile section */

/* Begin PBXContainerItemProxy section */
		793E149E27D445B40024C0C3 /* PBXContainerItemProxy */ = {
			isa = PBXContainerItemProxy;
			containerPortal = 793E148427D445B10024C0C3 /* Project object */;
			proxyType = 1;
			remoteGlobalIDString = 793E148B27D445B20024C0C3;
			remoteInfo = CrushApp;
		};
		793E14A927D445B40024C0C3 /* PBXContainerItemProxy */ = {
			isa = PBXContainerItemProxy;
			containerPortal = 793E148427D445B10024C0C3 /* Project object */;
			proxyType = 1;
			remoteGlobalIDString = 793E148B27D445B20024C0C3;
			remoteInfo = CrushApp;
		};
/* End PBXContainerItemProxy section */

/* Begin PBXFileReference section */
		1567911B7C2BC1C8E4987E19 /* Pods_CrushApp.framework */ = {isa = PBXFileReference; explicitFileType = wrapper.framework; includeInIndex = 0; path = Pods_CrushApp.framework; sourceTree = BUILT_PRODUCTS_DIR; };
		2148A4BF29B2D1E312D53F23 /* Pods-CrushApp-CrushAppUITests.release.xcconfig */ = {isa = PBXFileReference; includeInIndex = 1; lastKnownFileType = text.xcconfig; name = "Pods-CrushApp-CrushAppUITests.release.xcconfig"; path = "Target Support Files/Pods-CrushApp-CrushAppUITests/Pods-CrushApp-CrushAppUITests.release.xcconfig"; sourceTree = "<group>"; };
		48C039903E6AB34638C99BAD /* Pods-CrushApp-CrushAppUITests.debug.xcconfig */ = {isa = PBXFileReference; includeInIndex = 1; lastKnownFileType = text.xcconfig; name = "Pods-CrushApp-CrushAppUITests.debug.xcconfig"; path = "Target Support Files/Pods-CrushApp-CrushAppUITests/Pods-CrushApp-CrushAppUITests.debug.xcconfig"; sourceTree = "<group>"; };
		792A517D27F8B1BE00A55AD3 /* ItemViewModelNotification.swift */ = {isa = PBXFileReference; lastKnownFileType = sourcecode.swift; path = ItemViewModelNotification.swift; sourceTree = "<group>"; };
		792A51A827F8E14000A55AD3 /* GoogleService-Info.plist */ = {isa = PBXFileReference; fileEncoding = 4; lastKnownFileType = text.plist.xml; path = "GoogleService-Info.plist"; sourceTree = "<group>"; };
		793E148C27D445B20024C0C3 /* CrushApp.app */ = {isa = PBXFileReference; explicitFileType = wrapper.application; includeInIndex = 0; path = CrushApp.app; sourceTree = BUILT_PRODUCTS_DIR; };
		793E148F27D445B20024C0C3 /* CrushAppApp.swift */ = {isa = PBXFileReference; lastKnownFileType = sourcecode.swift; path = CrushAppApp.swift; sourceTree = "<group>"; };
		793E149127D445B20024C0C3 /* ContentView.swift */ = {isa = PBXFileReference; lastKnownFileType = sourcecode.swift; path = ContentView.swift; sourceTree = "<group>"; };
		793E149627D445B40024C0C3 /* Preview Assets.xcassets */ = {isa = PBXFileReference; lastKnownFileType = folder.assetcatalog; path = "Preview Assets.xcassets"; sourceTree = "<group>"; };
		793E149827D445B40024C0C3 /* Info.plist */ = {isa = PBXFileReference; lastKnownFileType = text.plist.xml; path = Info.plist; sourceTree = "<group>"; };
		793E149D27D445B40024C0C3 /* CrushAppTests.xctest */ = {isa = PBXFileReference; explicitFileType = wrapper.cfbundle; includeInIndex = 0; path = CrushAppTests.xctest; sourceTree = BUILT_PRODUCTS_DIR; };
		793E14A127D445B40024C0C3 /* CrushAppTests.swift */ = {isa = PBXFileReference; lastKnownFileType = sourcecode.swift; path = CrushAppTests.swift; sourceTree = "<group>"; };
		793E14A327D445B40024C0C3 /* Info.plist */ = {isa = PBXFileReference; lastKnownFileType = text.plist.xml; path = Info.plist; sourceTree = "<group>"; };
		793E14A827D445B40024C0C3 /* CrushAppUITests.xctest */ = {isa = PBXFileReference; explicitFileType = wrapper.cfbundle; includeInIndex = 0; path = CrushAppUITests.xctest; sourceTree = BUILT_PRODUCTS_DIR; };
		793E14AC27D445B40024C0C3 /* CrushAppUITests.swift */ = {isa = PBXFileReference; lastKnownFileType = sourcecode.swift; path = CrushAppUITests.swift; sourceTree = "<group>"; };
		793E14AE27D445B40024C0C3 /* Info.plist */ = {isa = PBXFileReference; lastKnownFileType = text.plist.xml; path = Info.plist; sourceTree = "<group>"; };
		793E14C827D44F3D0024C0C3 /* Colors.xcassets */ = {isa = PBXFileReference; lastKnownFileType = folder.assetcatalog; path = Colors.xcassets; sourceTree = "<group>"; };
		793E14CE27D454A60024C0C3 /* NavigationStack.swift */ = {isa = PBXFileReference; lastKnownFileType = sourcecode.swift; name = NavigationStack.swift; path = Src/NavigationStack.swift; sourceTree = "<group>"; };
		793E14D627D4551C0024C0C3 /* ViewManifests.swift */ = {isa = PBXFileReference; lastKnownFileType = sourcecode.swift; path = ViewManifests.swift; sourceTree = "<group>"; };
		793E14E127D457140024C0C3 /* LoginView.swift */ = {isa = PBXFileReference; lastKnownFileType = sourcecode.swift; path = LoginView.swift; sourceTree = "<group>"; };
		793E14EE27D459960024C0C3 /* ViewModelsLogin.swift */ = {isa = PBXFileReference; lastKnownFileType = sourcecode.swift; path = ViewModelsLogin.swift; sourceTree = "<group>"; };
		793E14FE27D45A730024C0C3 /* SplashScreenView.swift */ = {isa = PBXFileReference; lastKnownFileType = sourcecode.swift; path = SplashScreenView.swift; sourceTree = "<group>"; };
		793E150327D45AEA0024C0C3 /* ModalManager.swift */ = {isa = PBXFileReference; lastKnownFileType = sourcecode.swift; path = ModalManager.swift; sourceTree = "<group>"; };
		793E150827D45B350024C0C3 /* Modal.swift */ = {isa = PBXFileReference; lastKnownFileType = sourcecode.swift; path = Modal.swift; sourceTree = "<group>"; };
		793E151027D46F160024C0C3 /* TerminosView.swift */ = {isa = PBXFileReference; lastKnownFileType = sourcecode.swift; path = TerminosView.swift; sourceTree = "<group>"; };
		793E151827D46F2F0024C0C3 /* TerminosViewModel.swift */ = {isa = PBXFileReference; lastKnownFileType = sourcecode.swift; path = TerminosViewModel.swift; sourceTree = "<group>"; };
		793E151D27D46FB60024C0C3 /* ViewModelSplash.swift */ = {isa = PBXFileReference; lastKnownFileType = sourcecode.swift; path = ViewModelSplash.swift; sourceTree = "<group>"; };
		793E152327D5B91A0024C0C3 /* ButtonStyles.swift */ = {isa = PBXFileReference; lastKnownFileType = sourcecode.swift; path = ButtonStyles.swift; sourceTree = "<group>"; };
		793E153327D667250024C0C3 /* MainNavigationView.swift */ = {isa = PBXFileReference; lastKnownFileType = sourcecode.swift; path = MainNavigationView.swift; sourceTree = "<group>"; };
		793E153B27D667400024C0C3 /*  ViewModelMainNavigation.swift */ = {isa = PBXFileReference; lastKnownFileType = sourcecode.swift; path = " ViewModelMainNavigation.swift"; sourceTree = "<group>"; };
		793E154227D66BA70024C0C3 /* HomeView.swift */ = {isa = PBXFileReference; lastKnownFileType = sourcecode.swift; path = HomeView.swift; sourceTree = "<group>"; };
		793E154A27D66BD40024C0C3 /* ViewModelHome.swift */ = {isa = PBXFileReference; lastKnownFileType = sourcecode.swift; path = ViewModelHome.swift; sourceTree = "<group>"; };
		793E155127D66C5B0024C0C3 /* FotosView.swift */ = {isa = PBXFileReference; lastKnownFileType = sourcecode.swift; path = FotosView.swift; sourceTree = "<group>"; };
		793E155927D66C7A0024C0C3 /* ViewModelFotos.swift */ = {isa = PBXFileReference; lastKnownFileType = sourcecode.swift; path = ViewModelFotos.swift; sourceTree = "<group>"; };
		793E156B27D670820024C0C3 /* CrushView.swift */ = {isa = PBXFileReference; lastKnownFileType = sourcecode.swift; path = CrushView.swift; sourceTree = "<group>"; };
		793E157027D671190024C0C3 /* CurshViewModel.swift */ = {isa = PBXFileReference; lastKnownFileType = sourcecode.swift; path = CurshViewModel.swift; sourceTree = "<group>"; };
		793E157727D671DC0024C0C3 /* SettingsView.swift */ = {isa = PBXFileReference; lastKnownFileType = sourcecode.swift; path = SettingsView.swift; sourceTree = "<group>"; };
		793E157F27D671F80024C0C3 /* ViewModelSetting.swift */ = {isa = PBXFileReference; lastKnownFileType = sourcecode.swift; path = ViewModelSetting.swift; sourceTree = "<group>"; };
		793E158727D714920024C0C3 /* Assets.xcassets */ = {isa = PBXFileReference; lastKnownFileType = folder.assetcatalog; path = Assets.xcassets; sourceTree = "<group>"; };
		793E158D27D840910024C0C3 /* ItemPersonaHome.swift */ = {isa = PBXFileReference; lastKnownFileType = sourcecode.swift; path = ItemPersonaHome.swift; sourceTree = "<group>"; };
		793E159627D8419E0024C0C3 /* UserClass.swift */ = {isa = PBXFileReference; lastKnownFileType = sourcecode.swift; path = UserClass.swift; sourceTree = "<group>"; };
		793E15A127D8531E0024C0C3 /* CrushDetailView.swift */ = {isa = PBXFileReference; lastKnownFileType = sourcecode.swift; path = CrushDetailView.swift; sourceTree = "<group>"; };
		793E15A927D853440024C0C3 /* ViewModelCrushDetail.swift */ = {isa = PBXFileReference; lastKnownFileType = sourcecode.swift; path = ViewModelCrushDetail.swift; sourceTree = "<group>"; };
		793E15AE27D853770024C0C3 /* ItemPersonHomeViewModel.swift */ = {isa = PBXFileReference; lastKnownFileType = sourcecode.swift; path = ItemPersonHomeViewModel.swift; sourceTree = "<group>"; };
		793E15B427DAC8990024C0C3 /* ItemGalery.swift */ = {isa = PBXFileReference; lastKnownFileType = sourcecode.swift; path = ItemGalery.swift; sourceTree = "<group>"; };
		793E15BC27DAC8DC0024C0C3 /* ViewModelItemGalery.swift */ = {isa = PBXFileReference; lastKnownFileType = sourcecode.swift; path = ViewModelItemGalery.swift; sourceTree = "<group>"; };
		793E15C127DF9F090024C0C3 /* GlobalStructs.swift */ = {isa = PBXFileReference; lastKnownFileType = sourcecode.swift; path = GlobalStructs.swift; sourceTree = "<group>"; };
		796A855927DFE3CF0002E23C /* Constanst.swift */ = {isa = PBXFileReference; lastKnownFileType = sourcecode.swift; path = Constanst.swift; sourceTree = "<group>"; };
		796A855E27DFEDD60002E23C /* LoginService.swift */ = {isa = PBXFileReference; lastKnownFileType = sourcecode.swift; path = LoginService.swift; sourceTree = "<group>"; };
		796A857E27DFEF750002E23C /* IndicativeModel.swift */ = {isa = PBXFileReference; lastKnownFileType = sourcecode.swift; path = IndicativeModel.swift; sourceTree = "<group>"; };
		796A858327E190160002E23C /* AppDelegate.swift */ = {isa = PBXFileReference; lastKnownFileType = sourcecode.swift; path = AppDelegate.swift; sourceTree = "<group>"; };
		796A858B27E21C480002E23C /* CrushApp.entitlements */ = {isa = PBXFileReference; lastKnownFileType = text.plist.entitlements; path = CrushApp.entitlements; sourceTree = "<group>"; };
		796A859527E259530002E23C /* KeynsChains.swift */ = {isa = PBXFileReference; lastKnownFileType = sourcecode.swift; path = KeynsChains.swift; sourceTree = "<group>"; };
		796A859A27E292F00002E23C /* DataApp.swift */ = {isa = PBXFileReference; lastKnownFileType = sourcecode.swift; path = DataApp.swift; sourceTree = "<group>"; };
		796A859F27E2C9460002E23C /* ContactLocalService.swift */ = {isa = PBXFileReference; lastKnownFileType = sourcecode.swift; path = ContactLocalService.swift; sourceTree = "<group>"; };
		796A85A427E2CE5D0002E23C /* ContactModel.swift */ = {isa = PBXFileReference; lastKnownFileType = sourcecode.swift; path = ContactModel.swift; sourceTree = "<group>"; };
		796A85AA27E52D380002E23C /* UserList.swift */ = {isa = PBXFileReference; lastKnownFileType = sourcecode.swift; path = UserList.swift; sourceTree = "<group>"; };
		796A85B227E543FD0002E23C /* ServiceHomeView.swift */ = {isa = PBXFileReference; lastKnownFileType = sourcecode.swift; path = ServiceHomeView.swift; sourceTree = "<group>"; };
		796A85B727E5440F0002E23C /* HomeViewCase.swift */ = {isa = PBXFileReference; lastKnownFileType = sourcecode.swift; path = HomeViewCase.swift; sourceTree = "<group>"; };
		796A85BC27E54AEF0002E23C /* HomeViewModules.swift */ = {isa = PBXFileReference; lastKnownFileType = sourcecode.swift; path = HomeViewModules.swift; sourceTree = "<group>"; };
		796A85C127E62B0E0002E23C /* ImageUrlLoad.swift */ = {isa = PBXFileReference; lastKnownFileType = sourcecode.swift; path = ImageUrlLoad.swift; sourceTree = "<group>"; };
		797A59AF27E904B500B04E1C /* CrushDetailService.swift */ = {isa = PBXFileReference; lastKnownFileType = sourcecode.swift; path = CrushDetailService.swift; sourceTree = "<group>"; };
		797A59B427E904D600B04E1C /* UserCaseDetailCrush.swift */ = {isa = PBXFileReference; lastKnownFileType = sourcecode.swift; path = UserCaseDetailCrush.swift; sourceTree = "<group>"; };
		797A59B927EA546B00B04E1C /* DetailCrushModels.swift */ = {isa = PBXFileReference; lastKnownFileType = sourcecode.swift; path = DetailCrushModels.swift; sourceTree = "<group>"; };
		797A59C127F0E94200B04E1C /* CameraHelper.swift */ = {isa = PBXFileReference; lastKnownFileType = sourcecode.swift; path = CameraHelper.swift; sourceTree = "<group>"; };
		797A59C727F1009700B04E1C /* PhotoCase.swift */ = {isa = PBXFileReference; lastKnownFileType = sourcecode.swift; path = PhotoCase.swift; sourceTree = "<group>"; };
		797A59CF27F100A600B04E1C /* PhotoService.swift */ = {isa = PBXFileReference; lastKnownFileType = sourcecode.swift; path = PhotoService.swift; sourceTree = "<group>"; };
		797A59D427F101C900B04E1C /* PhotosResponse.swift */ = {isa = PBXFileReference; lastKnownFileType = sourcecode.swift; path = PhotosResponse.swift; sourceTree = "<group>"; };
		797A59DA27F1456800B04E1C /* ItemCrush.swift */ = {isa = PBXFileReference; lastKnownFileType = sourcecode.swift; path = ItemCrush.swift; sourceTree = "<group>"; };
		797A59E227F2125200B04E1C /* CrushResponse.swift */ = {isa = PBXFileReference; lastKnownFileType = sourcecode.swift; path = CrushResponse.swift; sourceTree = "<group>"; };
		797A59E727F2220D00B04E1C /* CrushICase.swift */ = {isa = PBXFileReference; lastKnownFileType = sourcecode.swift; path = CrushICase.swift; sourceTree = "<group>"; };
		797A59EC27F2222700B04E1C /* CrushService.swift */ = {isa = PBXFileReference; lastKnownFileType = sourcecode.swift; path = CrushService.swift; sourceTree = "<group>"; };
		797A59F427F2331D00B04E1C /* ListNotificationView.swift */ = {isa = PBXFileReference; lastKnownFileType = sourcecode.swift; path = ListNotificationView.swift; sourceTree = "<group>"; };
		797A59F927F3F4F300B04E1C /* LocalStorage.swift */ = {isa = PBXFileReference; lastKnownFileType = sourcecode.swift; path = LocalStorage.swift; sourceTree = "<group>"; };
		797A59FE27F3FB6800B04E1C /* ListNotificationViewModel.swift */ = {isa = PBXFileReference; lastKnownFileType = sourcecode.swift; path = ListNotificationViewModel.swift; sourceTree = "<group>"; };
		797A5A2B27F4A70600B04E1C /* NotificationResponse.swift */ = {isa = PBXFileReference; lastKnownFileType = sourcecode.swift; path = NotificationResponse.swift; sourceTree = "<group>"; };
		797A5A3C27F4B51D00B04E1C /* ItemViewNotification.swift */ = {isa = PBXFileReference; lastKnownFileType = sourcecode.swift; path = ItemViewNotification.swift; sourceTree = "<group>"; };
		797A5A4127F5109700B04E1C /* SettingUserCase.swift */ = {isa = PBXFileReference; lastKnownFileType = sourcecode.swift; path = SettingUserCase.swift; sourceTree = "<group>"; };
		797A5A4627F510A700B04E1C /* SettingsServices.swift */ = {isa = PBXFileReference; lastKnownFileType = sourcecode.swift; path = SettingsServices.swift; sourceTree = "<group>"; };
		7CAF01F39EF242C46F445CC2 /* Pods_CrushAppTests.framework */ = {isa = PBXFileReference; explicitFileType = wrapper.framework; includeInIndex = 0; path = Pods_CrushAppTests.framework; sourceTree = BUILT_PRODUCTS_DIR; };
		86C08177F959BC87C3985BFE /* Pods_CrushApp_CrushAppUITests.framework */ = {isa = PBXFileReference; explicitFileType = wrapper.framework; includeInIndex = 0; path = Pods_CrushApp_CrushAppUITests.framework; sourceTree = BUILT_PRODUCTS_DIR; };
		881E412C65AB934469BD0228 /* Pods-CrushAppTests.debug.xcconfig */ = {isa = PBXFileReference; includeInIndex = 1; lastKnownFileType = text.xcconfig; name = "Pods-CrushAppTests.debug.xcconfig"; path = "Target Support Files/Pods-CrushAppTests/Pods-CrushAppTests.debug.xcconfig"; sourceTree = "<group>"; };
		8BD3424FD3321AE24B4EEEC3 /* Pods-CrushAppTests.release.xcconfig */ = {isa = PBXFileReference; includeInIndex = 1; lastKnownFileType = text.xcconfig; name = "Pods-CrushAppTests.release.xcconfig"; path = "Target Support Files/Pods-CrushAppTests/Pods-CrushAppTests.release.xcconfig"; sourceTree = "<group>"; };
		99FC3B68B0C30553CD5268CB /* Pods-CrushApp.debug.xcconfig */ = {isa = PBXFileReference; includeInIndex = 1; lastKnownFileType = text.xcconfig; name = "Pods-CrushApp.debug.xcconfig"; path = "Target Support Files/Pods-CrushApp/Pods-CrushApp.debug.xcconfig"; sourceTree = "<group>"; };
		B0DD85419FE6791AE35E9011 /* Pods-CrushApp.release.xcconfig */ = {isa = PBXFileReference; includeInIndex = 1; lastKnownFileType = text.xcconfig; name = "Pods-CrushApp.release.xcconfig"; path = "Target Support Files/Pods-CrushApp/Pods-CrushApp.release.xcconfig"; sourceTree = "<group>"; };
/* End PBXFileReference section */

/* Begin PBXFrameworksBuildPhase section */
		793E148927D445B20024C0C3 /* Frameworks */ = {
			isa = PBXFrameworksBuildPhase;
			buildActionMask = 2147483647;
			files = (
				A3739DEF5B44D1AA384AAB6F /* Pods_CrushApp.framework in Frameworks */,
			);
			runOnlyForDeploymentPostprocessing = 0;
		};
		793E149A27D445B40024C0C3 /* Frameworks */ = {
			isa = PBXFrameworksBuildPhase;
			buildActionMask = 2147483647;
			files = (
				42B2247E9A048E7DEA192C98 /* Pods_CrushAppTests.framework in Frameworks */,
			);
			runOnlyForDeploymentPostprocessing = 0;
		};
		793E14A527D445B40024C0C3 /* Frameworks */ = {
			isa = PBXFrameworksBuildPhase;
			buildActionMask = 2147483647;
			files = (
				2E54541EB2686DFC7FEB2CBC /* Pods_CrushApp_CrushAppUITests.framework in Frameworks */,
			);
			runOnlyForDeploymentPostprocessing = 0;
		};
/* End PBXFrameworksBuildPhase section */

/* Begin PBXGroup section */
		3926298BBE7086DB0EEEEEAF /* Frameworks */ = {
			isa = PBXGroup;
			children = (
				1567911B7C2BC1C8E4987E19 /* Pods_CrushApp.framework */,
				86C08177F959BC87C3985BFE /* Pods_CrushApp_CrushAppUITests.framework */,
				7CAF01F39EF242C46F445CC2 /* Pods_CrushAppTests.framework */,
			);
			name = Frameworks;
			sourceTree = "<group>";
		};
		596FFBAA5830D2EF316D1EFD /* Pods */ = {
			isa = PBXGroup;
			children = (
				99FC3B68B0C30553CD5268CB /* Pods-CrushApp.debug.xcconfig */,
				B0DD85419FE6791AE35E9011 /* Pods-CrushApp.release.xcconfig */,
				48C039903E6AB34638C99BAD /* Pods-CrushApp-CrushAppUITests.debug.xcconfig */,
				2148A4BF29B2D1E312D53F23 /* Pods-CrushApp-CrushAppUITests.release.xcconfig */,
				881E412C65AB934469BD0228 /* Pods-CrushAppTests.debug.xcconfig */,
				8BD3424FD3321AE24B4EEEC3 /* Pods-CrushAppTests.release.xcconfig */,
			);
			path = Pods;
			sourceTree = "<group>";
		};
		793E148327D445B10024C0C3 = {
			isa = PBXGroup;
			children = (
				793E148E27D445B20024C0C3 /* CrushApp */,
				793E14A027D445B40024C0C3 /* CrushAppTests */,
				793E14AB27D445B40024C0C3 /* CrushAppUITests */,
				793E148D27D445B20024C0C3 /* Products */,
				596FFBAA5830D2EF316D1EFD /* Pods */,
				3926298BBE7086DB0EEEEEAF /* Frameworks */,
			);
			sourceTree = "<group>";
		};
		793E148D27D445B20024C0C3 /* Products */ = {
			isa = PBXGroup;
			children = (
				793E148C27D445B20024C0C3 /* CrushApp.app */,
				793E149D27D445B40024C0C3 /* CrushAppTests.xctest */,
				793E14A827D445B40024C0C3 /* CrushAppUITests.xctest */,
			);
			name = Products;
			sourceTree = "<group>";
		};
		793E148E27D445B20024C0C3 /* CrushApp */ = {
			isa = PBXGroup;
			children = (
				796A858B27E21C480002E23C /* CrushApp.entitlements */,
				793E14C727D44E5E0024C0C3 /* Data */,
				793E14C627D44E360024C0C3 /* Src */,
				793E14C327D44E110024C0C3 /* General */,
				793E148F27D445B20024C0C3 /* CrushAppApp.swift */,
				793E149127D445B20024C0C3 /* ContentView.swift */,
				793E14C827D44F3D0024C0C3 /* Colors.xcassets */,
				793E158727D714920024C0C3 /* Assets.xcassets */,
				792A51A827F8E14000A55AD3 /* GoogleService-Info.plist */,
				793E149827D445B40024C0C3 /* Info.plist */,
				793E149527D445B40024C0C3 /* Preview Content */,
				796A858327E190160002E23C /* AppDelegate.swift */,
			);
			path = CrushApp;
			sourceTree = "<group>";
		};
		793E149527D445B40024C0C3 /* Preview Content */ = {
			isa = PBXGroup;
			children = (
				793E149627D445B40024C0C3 /* Preview Assets.xcassets */,
			);
			path = "Preview Content";
			sourceTree = "<group>";
		};
		793E14A027D445B40024C0C3 /* CrushAppTests */ = {
			isa = PBXGroup;
			children = (
				793E14A127D445B40024C0C3 /* CrushAppTests.swift */,
				793E14A327D445B40024C0C3 /* Info.plist */,
			);
			path = CrushAppTests;
			sourceTree = "<group>";
		};
		793E14AB27D445B40024C0C3 /* CrushAppUITests */ = {
			isa = PBXGroup;
			children = (
				793E14AC27D445B40024C0C3 /* CrushAppUITests.swift */,
				793E14AE27D445B40024C0C3 /* Info.plist */,
			);
			path = CrushAppUITests;
			sourceTree = "<group>";
		};
		793E14C327D44E110024C0C3 /* General */ = {
			isa = PBXGroup;
			children = (
				793E14EA27D458BF0024C0C3 /* Class */,
				793E14E927D458B60024C0C3 /* Tools */,
			);
			path = General;
			sourceTree = "<group>";
		};
		793E14C627D44E360024C0C3 /* Src */ = {
			isa = PBXGroup;
			children = (
				793E152B27D65D6F0024C0C3 /* App */,
				793E152227D5B8FF0024C0C3 /* Style */,
				793E14DB27D455ED0024C0C3 /* Auth */,
				793E14CD27D453D80024C0C3 /* NavigationStack */,
			);
			name = Src;
			sourceTree = "<group>";
		};
		793E14C727D44E5E0024C0C3 /* Data */ = {
			isa = PBXGroup;
			children = (
				793E159527D841670024C0C3 /* Models */,
			);
			path = Data;
			sourceTree = "<group>";
		};
		793E14CD27D453D80024C0C3 /* NavigationStack */ = {
			isa = PBXGroup;
			children = (
				793E14CE27D454A60024C0C3 /* NavigationStack.swift */,
				793E14D627D4551C0024C0C3 /* ViewManifests.swift */,
			);
			name = NavigationStack;
			sourceTree = "<group>";
		};
		793E14DB27D455ED0024C0C3 /* Auth */ = {
			isa = PBXGroup;
			children = (
				793E150D27D46ECE0024C0C3 /* Terminos */,
				793E14DD27D4560F0024C0C3 /* Login */,
				793E14DC27D456010024C0C3 /* SplashScreen */,
			);
			name = Auth;
			sourceTree = "<group>";
		};
		793E14DC27D456010024C0C3 /* SplashScreen */ = {
			isa = PBXGroup;
			children = (
				793E14ED27D459190024C0C3 /* Views */,
				793E14EC27D459100024C0C3 /* Services */,
			);
			name = SplashScreen;
			sourceTree = "<group>";
		};
		793E14DD27D4560F0024C0C3 /* Login */ = {
			isa = PBXGroup;
			children = (
				793E14E027D457040024C0C3 /* Views */,
				793E14DE27D4569D0024C0C3 /* Services */,
			);
			name = Login;
			sourceTree = "<group>";
		};
		793E14DE27D4569D0024C0C3 /* Services */ = {
			isa = PBXGroup;
			children = (
				796A855E27DFEDD60002E23C /* LoginService.swift */,
			);
			name = Services;
			sourceTree = "<group>";
		};
		793E14E027D457040024C0C3 /* Views */ = {
			isa = PBXGroup;
			children = (
				793E14E127D457140024C0C3 /* LoginView.swift */,
				793E14EE27D459960024C0C3 /* ViewModelsLogin.swift */,
			);
			name = Views;
			sourceTree = "<group>";
		};
		793E14E927D458B60024C0C3 /* Tools */ = {
			isa = PBXGroup;
			children = (
				793E14EB27D458CC0024C0C3 /* Helpers */,
			);
			path = Tools;
			sourceTree = "<group>";
		};
		793E14EA27D458BF0024C0C3 /* Class */ = {
			isa = PBXGroup;
			children = (
				796A855927DFE3CF0002E23C /* Constanst.swift */,
				796A859527E259530002E23C /* KeynsChains.swift */,
				796A859A27E292F00002E23C /* DataApp.swift */,
				796A85C127E62B0E0002E23C /* ImageUrlLoad.swift */,
				797A59F927F3F4F300B04E1C /* LocalStorage.swift */,
			);
			path = Class;
			sourceTree = "<group>";
		};
		793E14EB27D458CC0024C0C3 /* Helpers */ = {
			isa = PBXGroup;
			children = (
				793E150327D45AEA0024C0C3 /* ModalManager.swift */,
				793E150827D45B350024C0C3 /* Modal.swift */,
				796A859F27E2C9460002E23C /* ContactLocalService.swift */,
				797A59C127F0E94200B04E1C /* CameraHelper.swift */,
			);
			path = Helpers;
			sourceTree = "<group>";
		};
		793E14EC27D459100024C0C3 /* Services */ = {
			isa = PBXGroup;
			children = (
			);
			name = Services;
			sourceTree = "<group>";
		};
		793E14ED27D459190024C0C3 /* Views */ = {
			isa = PBXGroup;
			children = (
				793E14FE27D45A730024C0C3 /* SplashScreenView.swift */,
				793E151D27D46FB60024C0C3 /* ViewModelSplash.swift */,
			);
			name = Views;
			sourceTree = "<group>";
		};
		793E150D27D46ECE0024C0C3 /* Terminos */ = {
			isa = PBXGroup;
			children = (
				793E150F27D46EEF0024C0C3 /* Views */,
				793E150E27D46EE10024C0C3 /* services */,
			);
			name = Terminos;
			sourceTree = "<group>";
		};
		793E150E27D46EE10024C0C3 /* services */ = {
			isa = PBXGroup;
			children = (
			);
			name = services;
			sourceTree = "<group>";
		};
		793E150F27D46EEF0024C0C3 /* Views */ = {
			isa = PBXGroup;
			children = (
				793E151027D46F160024C0C3 /* TerminosView.swift */,
				793E151827D46F2F0024C0C3 /* TerminosViewModel.swift */,
			);
			name = Views;
			sourceTree = "<group>";
		};
		793E152227D5B8FF0024C0C3 /* Style */ = {
			isa = PBXGroup;
			children = (
				793E152327D5B91A0024C0C3 /* ButtonStyles.swift */,
				793E15C127DF9F090024C0C3 /* GlobalStructs.swift */,
			);
			name = Style;
			sourceTree = "<group>";
		};
		793E152B27D65D6F0024C0C3 /* App */ = {
			isa = PBXGroup;
			children = (
				797A59F127F2323600B04E1C /* Notification */,
				793E159E27D852CC0024C0C3 /* DetailCrush */,
				793E153027D666560024C0C3 /* Settings */,
				793E152F27D6663A0024C0C3 /* Crush */,
				793E152E27D6662F0024C0C3 /* Fotos */,
				793E152D27D666290024C0C3 /* Home */,
				793E152C27D666170024C0C3 /* MainNavigation */,
			);
			name = App;
			sourceTree = "<group>";
		};
		793E152C27D666170024C0C3 /* MainNavigation */ = {
			isa = PBXGroup;
			children = (
				793E153227D667080024C0C3 /* Services */,
				793E153127D666FB0024C0C3 /* Views */,
			);
			name = MainNavigation;
			sourceTree = "<group>";
		};
		793E152D27D666290024C0C3 /* Home */ = {
			isa = PBXGroup;
			children = (
				793E154127D667C90024C0C3 /* Services */,
				793E154027D667C00024C0C3 /* Views */,
			);
			name = Home;
			sourceTree = "<group>";
		};
		793E152E27D6662F0024C0C3 /* Fotos */ = {
			isa = PBXGroup;
			children = (
				793E155027D66C450024C0C3 /* Services */,
				793E154F27D66C3C0024C0C3 /* Views */,
			);
			name = Fotos;
			sourceTree = "<group>";
		};
		793E152F27D6663A0024C0C3 /* Crush */ = {
			isa = PBXGroup;
			children = (
				793E155F27D670450024C0C3 /* Services */,
				793E155E27D670380024C0C3 /* Views */,
			);
			name = Crush;
			sourceTree = "<group>";
		};
		793E153027D666560024C0C3 /* Settings */ = {
			isa = PBXGroup;
			children = (
				793E157627D671C80024C0C3 /* Services */,
				793E157527D671C00024C0C3 /* Views */,
			);
			name = Settings;
			sourceTree = "<group>";
		};
		793E153127D666FB0024C0C3 /* Views */ = {
			isa = PBXGroup;
			children = (
				793E153327D667250024C0C3 /* MainNavigationView.swift */,
				793E153B27D667400024C0C3 /*  ViewModelMainNavigation.swift */,
			);
			name = Views;
			sourceTree = "<group>";
		};
		793E153227D667080024C0C3 /* Services */ = {
			isa = PBXGroup;
			children = (
			);
			name = Services;
			sourceTree = "<group>";
		};
		793E154027D667C00024C0C3 /* Views */ = {
			isa = PBXGroup;
			children = (
				793E158C27D840690024C0C3 /* item */,
				793E154227D66BA70024C0C3 /* HomeView.swift */,
				793E154A27D66BD40024C0C3 /* ViewModelHome.swift */,
			);
			name = Views;
			sourceTree = "<group>";
		};
		793E154127D667C90024C0C3 /* Services */ = {
			isa = PBXGroup;
			children = (
				796A85B227E543FD0002E23C /* ServiceHomeView.swift */,
				796A85B727E5440F0002E23C /* HomeViewCase.swift */,
			);
			name = Services;
			sourceTree = "<group>";
		};
		793E154F27D66C3C0024C0C3 /* Views */ = {
			isa = PBXGroup;
			children = (
				793E15B327DAC81A0024C0C3 /* ItemGalery */,
				793E155127D66C5B0024C0C3 /* FotosView.swift */,
				793E155927D66C7A0024C0C3 /* ViewModelFotos.swift */,
			);
			name = Views;
			sourceTree = "<group>";
		};
		793E155027D66C450024C0C3 /* Services */ = {
			isa = PBXGroup;
			children = (
				797A59C727F1009700B04E1C /* PhotoCase.swift */,
				797A59CF27F100A600B04E1C /* PhotoService.swift */,
			);
			name = Services;
			sourceTree = "<group>";
		};
		793E155E27D670380024C0C3 /* Views */ = {
			isa = PBXGroup;
			children = (
				797A59D927F1454300B04E1C /* Item */,
				793E156B27D670820024C0C3 /* CrushView.swift */,
				793E157027D671190024C0C3 /* CurshViewModel.swift */,
			);
			name = Views;
			sourceTree = "<group>";
		};
		793E155F27D670450024C0C3 /* Services */ = {
			isa = PBXGroup;
			children = (
				797A59E727F2220D00B04E1C /* CrushICase.swift */,
				797A59EC27F2222700B04E1C /* CrushService.swift */,
			);
			name = Services;
			sourceTree = "<group>";
		};
		793E157527D671C00024C0C3 /* Views */ = {
			isa = PBXGroup;
			children = (
				793E157727D671DC0024C0C3 /* SettingsView.swift */,
				793E157F27D671F80024C0C3 /* ViewModelSetting.swift */,
			);
			name = Views;
			sourceTree = "<group>";
		};
		793E157627D671C80024C0C3 /* Services */ = {
			isa = PBXGroup;
			children = (
				797A5A4127F5109700B04E1C /* SettingUserCase.swift */,
				797A5A4627F510A700B04E1C /* SettingsServices.swift */,
			);
			name = Services;
			sourceTree = "<group>";
		};
		793E158C27D840690024C0C3 /* item */ = {
			isa = PBXGroup;
			children = (
				793E158D27D840910024C0C3 /* ItemPersonaHome.swift */,
				793E15AE27D853770024C0C3 /* ItemPersonHomeViewModel.swift */,
			);
			name = item;
			sourceTree = "<group>";
		};
		793E159527D841670024C0C3 /* Models */ = {
			isa = PBXGroup;
			children = (
				796A85A927E52D210002E23C /* request */,
				793E159627D8419E0024C0C3 /* UserClass.swift */,
				796A857E27DFEF750002E23C /* IndicativeModel.swift */,
				796A85A427E2CE5D0002E23C /* ContactModel.swift */,
				796A85BC27E54AEF0002E23C /* HomeViewModules.swift */,
				797A59D427F101C900B04E1C /* PhotosResponse.swift */,
				797A59E227F2125200B04E1C /* CrushResponse.swift */,
				797A5A2B27F4A70600B04E1C /* NotificationResponse.swift */,
			);
			path = Models;
			sourceTree = "<group>";
		};
		793E159E27D852CC0024C0C3 /* DetailCrush */ = {
			isa = PBXGroup;
			children = (
				793E15A027D852ED0024C0C3 /* Views */,
				793E159F27D852DF0024C0C3 /* Services */,
			);
			name = DetailCrush;
			sourceTree = "<group>";
		};
		793E159F27D852DF0024C0C3 /* Services */ = {
			isa = PBXGroup;
			children = (
				797A59AF27E904B500B04E1C /* CrushDetailService.swift */,
				797A59B427E904D600B04E1C /* UserCaseDetailCrush.swift */,
			);
			name = Services;
			sourceTree = "<group>";
		};
		793E15A027D852ED0024C0C3 /* Views */ = {
			isa = PBXGroup;
			children = (
				793E15A127D8531E0024C0C3 /* CrushDetailView.swift */,
				793E15A927D853440024C0C3 /* ViewModelCrushDetail.swift */,
			);
			name = Views;
			sourceTree = "<group>";
		};
		793E15B327DAC81A0024C0C3 /* ItemGalery */ = {
			isa = PBXGroup;
			children = (
				793E15B427DAC8990024C0C3 /* ItemGalery.swift */,
				793E15BC27DAC8DC0024C0C3 /* ViewModelItemGalery.swift */,
			);
			name = ItemGalery;
			sourceTree = "<group>";
		};
		796A85A927E52D210002E23C /* request */ = {
			isa = PBXGroup;
			children = (
				796A85AA27E52D380002E23C /* UserList.swift */,
				797A59B927EA546B00B04E1C /* DetailCrushModels.swift */,
			);
			path = request;
			sourceTree = "<group>";
		};
		797A59D927F1454300B04E1C /* Item */ = {
			isa = PBXGroup;
			children = (
				797A59DA27F1456800B04E1C /* ItemCrush.swift */,
			);
			name = Item;
			sourceTree = "<group>";
		};
		797A59F127F2323600B04E1C /* Notification */ = {
			isa = PBXGroup;
			children = (
				797A59F327F2329A00B04E1C /* Views */,
				797A59F227F2324A00B04E1C /* Services */,
			);
			name = Notification;
			sourceTree = "<group>";
		};
		797A59F227F2324A00B04E1C /* Services */ = {
			isa = PBXGroup;
			children = (
			);
			name = Services;
			sourceTree = "<group>";
		};
		797A59F327F2329A00B04E1C /* Views */ = {
			isa = PBXGroup;
			children = (
				797A5A3027F4B4F100B04E1C /* Item */,
				797A59F427F2331D00B04E1C /* ListNotificationView.swift */,
				797A59FE27F3FB6800B04E1C /* ListNotificationViewModel.swift */,
			);
			name = Views;
			sourceTree = "<group>";
		};
		797A5A3027F4B4F100B04E1C /* Item */ = {
			isa = PBXGroup;
			children = (
				797A5A3C27F4B51D00B04E1C /* ItemViewNotification.swift */,
				792A517D27F8B1BE00A55AD3 /* ItemViewModelNotification.swift */,
			);
			name = Item;
			sourceTree = "<group>";
		};
/* End PBXGroup section */

/* Begin PBXNativeTarget section */
		793E148B27D445B20024C0C3 /* CrushApp */ = {
			isa = PBXNativeTarget;
			buildConfigurationList = 793E14B127D445B40024C0C3 /* Build configuration list for PBXNativeTarget "CrushApp" */;
			buildPhases = (
				83AE390D4AE7350C8CF3F38C /* [CP] Check Pods Manifest.lock */,
				793E148827D445B20024C0C3 /* Sources */,
				793E148927D445B20024C0C3 /* Frameworks */,
				793E148A27D445B20024C0C3 /* Resources */,
				0A3CB8681014C68182FF15A5 /* [CP] Embed Pods Frameworks */,
			);
			buildRules = (
			);
			dependencies = (
			);
			name = CrushApp;
			productName = CrushApp;
			productReference = 793E148C27D445B20024C0C3 /* CrushApp.app */;
			productType = "com.apple.product-type.application";
		};
		793E149C27D445B40024C0C3 /* CrushAppTests */ = {
			isa = PBXNativeTarget;
			buildConfigurationList = 793E14B427D445B40024C0C3 /* Build configuration list for PBXNativeTarget "CrushAppTests" */;
			buildPhases = (
				DA2A9FC5593AB6C5C12AD4B3 /* [CP] Check Pods Manifest.lock */,
				793E149927D445B40024C0C3 /* Sources */,
				793E149A27D445B40024C0C3 /* Frameworks */,
				793E149B27D445B40024C0C3 /* Resources */,
			);
			buildRules = (
			);
			dependencies = (
				793E149F27D445B40024C0C3 /* PBXTargetDependency */,
			);
			name = CrushAppTests;
			productName = CrushAppTests;
			productReference = 793E149D27D445B40024C0C3 /* CrushAppTests.xctest */;
			productType = "com.apple.product-type.bundle.unit-test";
		};
		793E14A727D445B40024C0C3 /* CrushAppUITests */ = {
			isa = PBXNativeTarget;
			buildConfigurationList = 793E14B727D445B40024C0C3 /* Build configuration list for PBXNativeTarget "CrushAppUITests" */;
			buildPhases = (
				439673B1326E02E26612ED5F /* [CP] Check Pods Manifest.lock */,
				793E14A427D445B40024C0C3 /* Sources */,
				793E14A527D445B40024C0C3 /* Frameworks */,
				793E14A627D445B40024C0C3 /* Resources */,
				D2941FB013E83FEDC4E9F016 /* [CP] Embed Pods Frameworks */,
			);
			buildRules = (
			);
			dependencies = (
				793E14AA27D445B40024C0C3 /* PBXTargetDependency */,
			);
			name = CrushAppUITests;
			productName = CrushAppUITests;
			productReference = 793E14A827D445B40024C0C3 /* CrushAppUITests.xctest */;
			productType = "com.apple.product-type.bundle.ui-testing";
		};
/* End PBXNativeTarget section */

/* Begin PBXProject section */
		793E148427D445B10024C0C3 /* Project object */ = {
			isa = PBXProject;
			attributes = {
				LastSwiftUpdateCheck = 1240;
				LastUpgradeCheck = 1240;
				TargetAttributes = {
					793E148B27D445B20024C0C3 = {
						CreatedOnToolsVersion = 12.4;
					};
					793E149C27D445B40024C0C3 = {
						CreatedOnToolsVersion = 12.4;
						TestTargetID = 793E148B27D445B20024C0C3;
					};
					793E14A727D445B40024C0C3 = {
						CreatedOnToolsVersion = 12.4;
						TestTargetID = 793E148B27D445B20024C0C3;
					};
				};
			};
			buildConfigurationList = 793E148727D445B10024C0C3 /* Build configuration list for PBXProject "CrushApp" */;
			compatibilityVersion = "Xcode 9.3";
			developmentRegion = en;
			hasScannedForEncodings = 0;
			knownRegions = (
				en,
				Base,
			);
			mainGroup = 793E148327D445B10024C0C3;
			productRefGroup = 793E148D27D445B20024C0C3 /* Products */;
			projectDirPath = "";
			projectRoot = "";
			targets = (
				793E148B27D445B20024C0C3 /* CrushApp */,
				793E149C27D445B40024C0C3 /* CrushAppTests */,
				793E14A727D445B40024C0C3 /* CrushAppUITests */,
			);
		};
/* End PBXProject section */

/* Begin PBXResourcesBuildPhase section */
		793E148A27D445B20024C0C3 /* Resources */ = {
			isa = PBXResourcesBuildPhase;
			buildActionMask = 2147483647;
			files = (
				793E14C927D44F3D0024C0C3 /* Colors.xcassets in Resources */,
				792A51A927F8E14000A55AD3 /* GoogleService-Info.plist in Resources */,
				793E158827D714920024C0C3 /* Assets.xcassets in Resources */,
				793E149727D445B40024C0C3 /* Preview Assets.xcassets in Resources */,
			);
			runOnlyForDeploymentPostprocessing = 0;
		};
		793E149B27D445B40024C0C3 /* Resources */ = {
			isa = PBXResourcesBuildPhase;
			buildActionMask = 2147483647;
			files = (
			);
			runOnlyForDeploymentPostprocessing = 0;
		};
		793E14A627D445B40024C0C3 /* Resources */ = {
			isa = PBXResourcesBuildPhase;
			buildActionMask = 2147483647;
			files = (
			);
			runOnlyForDeploymentPostprocessing = 0;
		};
/* End PBXResourcesBuildPhase section */

/* Begin PBXShellScriptBuildPhase section */
		0A3CB8681014C68182FF15A5 /* [CP] Embed Pods Frameworks */ = {
			isa = PBXShellScriptBuildPhase;
			buildActionMask = 2147483647;
			files = (
			);
			inputFileListPaths = (
				"${PODS_ROOT}/Target Support Files/Pods-CrushApp/Pods-CrushApp-frameworks-${CONFIGURATION}-input-files.xcfilelist",
			);
			name = "[CP] Embed Pods Frameworks";
			outputFileListPaths = (
				"${PODS_ROOT}/Target Support Files/Pods-CrushApp/Pods-CrushApp-frameworks-${CONFIGURATION}-output-files.xcfilelist",
			);
			runOnlyForDeploymentPostprocessing = 0;
			shellPath = /bin/sh;
			shellScript = "\"${PODS_ROOT}/Target Support Files/Pods-CrushApp/Pods-CrushApp-frameworks.sh\"\n";
			showEnvVarsInLog = 0;
		};
		439673B1326E02E26612ED5F /* [CP] Check Pods Manifest.lock */ = {
			isa = PBXShellScriptBuildPhase;
			buildActionMask = 2147483647;
			files = (
			);
			inputFileListPaths = (
			);
			inputPaths = (
				"${PODS_PODFILE_DIR_PATH}/Podfile.lock",
				"${PODS_ROOT}/Manifest.lock",
			);
			name = "[CP] Check Pods Manifest.lock";
			outputFileListPaths = (
			);
			outputPaths = (
				"$(DERIVED_FILE_DIR)/Pods-CrushApp-CrushAppUITests-checkManifestLockResult.txt",
			);
			runOnlyForDeploymentPostprocessing = 0;
			shellPath = /bin/sh;
			shellScript = "diff \"${PODS_PODFILE_DIR_PATH}/Podfile.lock\" \"${PODS_ROOT}/Manifest.lock\" > /dev/null\nif [ $? != 0 ] ; then\n    # print error to STDERR\n    echo \"error: The sandbox is not in sync with the Podfile.lock. Run 'pod install' or update your CocoaPods installation.\" >&2\n    exit 1\nfi\n# This output is used by Xcode 'outputs' to avoid re-running this script phase.\necho \"SUCCESS\" > \"${SCRIPT_OUTPUT_FILE_0}\"\n";
			showEnvVarsInLog = 0;
		};
		83AE390D4AE7350C8CF3F38C /* [CP] Check Pods Manifest.lock */ = {
			isa = PBXShellScriptBuildPhase;
			buildActionMask = 2147483647;
			files = (
			);
			inputFileListPaths = (
			);
			inputPaths = (
				"${PODS_PODFILE_DIR_PATH}/Podfile.lock",
				"${PODS_ROOT}/Manifest.lock",
			);
			name = "[CP] Check Pods Manifest.lock";
			outputFileListPaths = (
			);
			outputPaths = (
				"$(DERIVED_FILE_DIR)/Pods-CrushApp-checkManifestLockResult.txt",
			);
			runOnlyForDeploymentPostprocessing = 0;
			shellPath = /bin/sh;
			shellScript = "diff \"${PODS_PODFILE_DIR_PATH}/Podfile.lock\" \"${PODS_ROOT}/Manifest.lock\" > /dev/null\nif [ $? != 0 ] ; then\n    # print error to STDERR\n    echo \"error: The sandbox is not in sync with the Podfile.lock. Run 'pod install' or update your CocoaPods installation.\" >&2\n    exit 1\nfi\n# This output is used by Xcode 'outputs' to avoid re-running this script phase.\necho \"SUCCESS\" > \"${SCRIPT_OUTPUT_FILE_0}\"\n";
			showEnvVarsInLog = 0;
		};
		D2941FB013E83FEDC4E9F016 /* [CP] Embed Pods Frameworks */ = {
			isa = PBXShellScriptBuildPhase;
			buildActionMask = 2147483647;
			files = (
			);
			inputFileListPaths = (
				"${PODS_ROOT}/Target Support Files/Pods-CrushApp-CrushAppUITests/Pods-CrushApp-CrushAppUITests-frameworks-${CONFIGURATION}-input-files.xcfilelist",
			);
			name = "[CP] Embed Pods Frameworks";
			outputFileListPaths = (
				"${PODS_ROOT}/Target Support Files/Pods-CrushApp-CrushAppUITests/Pods-CrushApp-CrushAppUITests-frameworks-${CONFIGURATION}-output-files.xcfilelist",
			);
			runOnlyForDeploymentPostprocessing = 0;
			shellPath = /bin/sh;
			shellScript = "\"${PODS_ROOT}/Target Support Files/Pods-CrushApp-CrushAppUITests/Pods-CrushApp-CrushAppUITests-frameworks.sh\"\n";
			showEnvVarsInLog = 0;
		};
		DA2A9FC5593AB6C5C12AD4B3 /* [CP] Check Pods Manifest.lock */ = {
			isa = PBXShellScriptBuildPhase;
			buildActionMask = 2147483647;
			files = (
			);
			inputFileListPaths = (
			);
			inputPaths = (
				"${PODS_PODFILE_DIR_PATH}/Podfile.lock",
				"${PODS_ROOT}/Manifest.lock",
			);
			name = "[CP] Check Pods Manifest.lock";
			outputFileListPaths = (
			);
			outputPaths = (
				"$(DERIVED_FILE_DIR)/Pods-CrushAppTests-checkManifestLockResult.txt",
			);
			runOnlyForDeploymentPostprocessing = 0;
			shellPath = /bin/sh;
			shellScript = "diff \"${PODS_PODFILE_DIR_PATH}/Podfile.lock\" \"${PODS_ROOT}/Manifest.lock\" > /dev/null\nif [ $? != 0 ] ; then\n    # print error to STDERR\n    echo \"error: The sandbox is not in sync with the Podfile.lock. Run 'pod install' or update your CocoaPods installation.\" >&2\n    exit 1\nfi\n# This output is used by Xcode 'outputs' to avoid re-running this script phase.\necho \"SUCCESS\" > \"${SCRIPT_OUTPUT_FILE_0}\"\n";
			showEnvVarsInLog = 0;
		};
/* End PBXShellScriptBuildPhase section */

/* Begin PBXSourcesBuildPhase section */
		793E148827D445B20024C0C3 /* Sources */ = {
			isa = PBXSourcesBuildPhase;
			buildActionMask = 2147483647;
			files = (
				797A59D527F101C900B04E1C /* PhotosResponse.swift in Sources */,
				793E158E27D840910024C0C3 /* ItemPersonaHome.swift in Sources */,
				796A857F27DFEF750002E23C /* IndicativeModel.swift in Sources */,
				793E14FF27D45A730024C0C3 /* SplashScreenView.swift in Sources */,
				797A59B527E904D600B04E1C /* UserCaseDetailCrush.swift in Sources */,
				797A59E327F2125200B04E1C /* CrushResponse.swift in Sources */,
				797A5A2C27F4A70600B04E1C /* NotificationResponse.swift in Sources */,
				793E15B527DAC8990024C0C3 /* ItemGalery.swift in Sources */,
				797A59DB27F1456800B04E1C /* ItemCrush.swift in Sources */,
				797A59B027E904B500B04E1C /* CrushDetailService.swift in Sources */,
				793E149227D445B20024C0C3 /* ContentView.swift in Sources */,
				796A85A527E2CE5D0002E23C /* ContactModel.swift in Sources */,
				793E153C27D667400024C0C3 /*  ViewModelMainNavigation.swift in Sources */,
				793E14CF27D454A60024C0C3 /* NavigationStack.swift in Sources */,
				793E155A27D66C7A0024C0C3 /* ViewModelFotos.swift in Sources */,
				796A855A27DFE3CF0002E23C /* Constanst.swift in Sources */,
				793E15C227DF9F090024C0C3 /* GlobalStructs.swift in Sources */,
				793E14EF27D459960024C0C3 /* ViewModelsLogin.swift in Sources */,
				797A59BA27EA546B00B04E1C /* DetailCrushModels.swift in Sources */,
				797A59FA27F3F4F300B04E1C /* LocalStorage.swift in Sources */,
				797A5A4727F510A700B04E1C /* SettingsServices.swift in Sources */,
				793E15AF27D853770024C0C3 /* ItemPersonHomeViewModel.swift in Sources */,
				793E157127D671190024C0C3 /* CurshViewModel.swift in Sources */,
				797A59C827F1009700B04E1C /* PhotoCase.swift in Sources */,
				793E156C27D670820024C0C3 /* CrushView.swift in Sources */,
				793E149027D445B20024C0C3 /* CrushAppApp.swift in Sources */,
				797A59E827F2220D00B04E1C /* CrushICase.swift in Sources */,
				793E150427D45AEA0024C0C3 /* ModalManager.swift in Sources */,
				793E151927D46F2F0024C0C3 /* TerminosViewModel.swift in Sources */,
				793E158027D671F80024C0C3 /* ViewModelSetting.swift in Sources */,
				797A59F527F2331D00B04E1C /* ListNotificationView.swift in Sources */,
				796A85A027E2C9460002E23C /* ContactLocalService.swift in Sources */,
				796A85AB27E52D380002E23C /* UserList.swift in Sources */,
				797A59FF27F3FB6800B04E1C /* ListNotificationViewModel.swift in Sources */,
				796A858427E190160002E23C /* AppDelegate.swift in Sources */,
				797A5A3D27F4B51D00B04E1C /* ItemViewNotification.swift in Sources */,
				793E152427D5B91A0024C0C3 /* ButtonStyles.swift in Sources */,
				797A5A4227F5109700B04E1C /* SettingUserCase.swift in Sources */,
				792A517E27F8B1BE00A55AD3 /* ItemViewModelNotification.swift in Sources */,
				796A859627E259530002E23C /* KeynsChains.swift in Sources */,
				793E14E227D457140024C0C3 /* LoginView.swift in Sources */,
				793E15BD27DAC8DC0024C0C3 /* ViewModelItemGalery.swift in Sources */,
				793E159727D8419E0024C0C3 /* UserClass.swift in Sources */,
				793E153427D667250024C0C3 /* MainNavigationView.swift in Sources */,
				793E15A227D8531E0024C0C3 /* CrushDetailView.swift in Sources */,
				796A85BD27E54AEF0002E23C /* HomeViewModules.swift in Sources */,
				796A85B827E5440F0002E23C /* HomeViewCase.swift in Sources */,
				793E150927D45B350024C0C3 /* Modal.swift in Sources */,
				793E14D727D4551C0024C0C3 /* ViewManifests.swift in Sources */,
				793E154327D66BA70024C0C3 /* HomeView.swift in Sources */,
				796A85B327E543FD0002E23C /* ServiceHomeView.swift in Sources */,
				797A59ED27F2222700B04E1C /* CrushService.swift in Sources */,
				797A59C227F0E94200B04E1C /* CameraHelper.swift in Sources */,
				797A59D027F100A600B04E1C /* PhotoService.swift in Sources */,
				793E155227D66C5B0024C0C3 /* FotosView.swift in Sources */,
				793E151127D46F160024C0C3 /* TerminosView.swift in Sources */,
				796A855F27DFEDD60002E23C /* LoginService.swift in Sources */,
				796A859B27E292F00002E23C /* DataApp.swift in Sources */,
				793E151E27D46FB60024C0C3 /* ViewModelSplash.swift in Sources */,
				793E15AA27D853440024C0C3 /* ViewModelCrushDetail.swift in Sources */,
				793E154B27D66BD40024C0C3 /* ViewModelHome.swift in Sources */,
				793E157827D671DC0024C0C3 /* SettingsView.swift in Sources */,
				796A85C227E62B0E0002E23C /* ImageUrlLoad.swift in Sources */,
			);
			runOnlyForDeploymentPostprocessing = 0;
		};
		793E149927D445B40024C0C3 /* Sources */ = {
			isa = PBXSourcesBuildPhase;
			buildActionMask = 2147483647;
			files = (
				793E14A227D445B40024C0C3 /* CrushAppTests.swift in Sources */,
			);
			runOnlyForDeploymentPostprocessing = 0;
		};
		793E14A427D445B40024C0C3 /* Sources */ = {
			isa = PBXSourcesBuildPhase;
			buildActionMask = 2147483647;
			files = (
				793E14AD27D445B40024C0C3 /* CrushAppUITests.swift in Sources */,
			);
			runOnlyForDeploymentPostprocessing = 0;
		};
/* End PBXSourcesBuildPhase section */

/* Begin PBXTargetDependency section */
		793E149F27D445B40024C0C3 /* PBXTargetDependency */ = {
			isa = PBXTargetDependency;
			target = 793E148B27D445B20024C0C3 /* CrushApp */;
			targetProxy = 793E149E27D445B40024C0C3 /* PBXContainerItemProxy */;
		};
		793E14AA27D445B40024C0C3 /* PBXTargetDependency */ = {
			isa = PBXTargetDependency;
			target = 793E148B27D445B20024C0C3 /* CrushApp */;
			targetProxy = 793E14A927D445B40024C0C3 /* PBXContainerItemProxy */;
		};
/* End PBXTargetDependency section */

/* Begin XCBuildConfiguration section */
		793E14AF27D445B40024C0C3 /* Debug */ = {
			isa = XCBuildConfiguration;
			buildSettings = {
				ALWAYS_SEARCH_USER_PATHS = NO;
				CLANG_ANALYZER_NONNULL = YES;
				CLANG_ANALYZER_NUMBER_OBJECT_CONVERSION = YES_AGGRESSIVE;
				CLANG_CXX_LANGUAGE_STANDARD = "gnu++14";
				CLANG_CXX_LIBRARY = "libc++";
				CLANG_ENABLE_MODULES = YES;
				CLANG_ENABLE_OBJC_ARC = YES;
				CLANG_ENABLE_OBJC_WEAK = YES;
				CLANG_WARN_BLOCK_CAPTURE_AUTORELEASING = YES;
				CLANG_WARN_BOOL_CONVERSION = YES;
				CLANG_WARN_COMMA = YES;
				CLANG_WARN_CONSTANT_CONVERSION = YES;
				CLANG_WARN_DEPRECATED_OBJC_IMPLEMENTATIONS = YES;
				CLANG_WARN_DIRECT_OBJC_ISA_USAGE = YES_ERROR;
				CLANG_WARN_DOCUMENTATION_COMMENTS = YES;
				CLANG_WARN_EMPTY_BODY = YES;
				CLANG_WARN_ENUM_CONVERSION = YES;
				CLANG_WARN_INFINITE_RECURSION = YES;
				CLANG_WARN_INT_CONVERSION = YES;
				CLANG_WARN_NON_LITERAL_NULL_CONVERSION = YES;
				CLANG_WARN_OBJC_IMPLICIT_RETAIN_SELF = YES;
				CLANG_WARN_OBJC_LITERAL_CONVERSION = YES;
				CLANG_WARN_OBJC_ROOT_CLASS = YES_ERROR;
				CLANG_WARN_QUOTED_INCLUDE_IN_FRAMEWORK_HEADER = YES;
				CLANG_WARN_RANGE_LOOP_ANALYSIS = YES;
				CLANG_WARN_STRICT_PROTOTYPES = YES;
				CLANG_WARN_SUSPICIOUS_MOVE = YES;
				CLANG_WARN_UNGUARDED_AVAILABILITY = YES_AGGRESSIVE;
				CLANG_WARN_UNREACHABLE_CODE = YES;
				CLANG_WARN__DUPLICATE_METHOD_MATCH = YES;
				COPY_PHASE_STRIP = NO;
				DEBUG_INFORMATION_FORMAT = dwarf;
				ENABLE_STRICT_OBJC_MSGSEND = YES;
				ENABLE_TESTABILITY = YES;
				GCC_C_LANGUAGE_STANDARD = gnu11;
				GCC_DYNAMIC_NO_PIC = NO;
				GCC_NO_COMMON_BLOCKS = YES;
				GCC_OPTIMIZATION_LEVEL = 0;
				GCC_PREPROCESSOR_DEFINITIONS = (
					"DEBUG=1",
					"$(inherited)",
				);
				GCC_WARN_64_TO_32_BIT_CONVERSION = YES;
				GCC_WARN_ABOUT_RETURN_TYPE = YES_ERROR;
				GCC_WARN_UNDECLARED_SELECTOR = YES;
				GCC_WARN_UNINITIALIZED_AUTOS = YES_AGGRESSIVE;
				GCC_WARN_UNUSED_FUNCTION = YES;
				GCC_WARN_UNUSED_VARIABLE = YES;
				IPHONEOS_DEPLOYMENT_TARGET = 14.4;
				MTL_ENABLE_DEBUG_INFO = INCLUDE_SOURCE;
				MTL_FAST_MATH = YES;
				ONLY_ACTIVE_ARCH = YES;
				SDKROOT = iphoneos;
				SWIFT_ACTIVE_COMPILATION_CONDITIONS = DEBUG;
				SWIFT_OPTIMIZATION_LEVEL = "-Onone";
			};
			name = Debug;
		};
		793E14B027D445B40024C0C3 /* Release */ = {
			isa = XCBuildConfiguration;
			buildSettings = {
				ALWAYS_SEARCH_USER_PATHS = NO;
				CLANG_ANALYZER_NONNULL = YES;
				CLANG_ANALYZER_NUMBER_OBJECT_CONVERSION = YES_AGGRESSIVE;
				CLANG_CXX_LANGUAGE_STANDARD = "gnu++14";
				CLANG_CXX_LIBRARY = "libc++";
				CLANG_ENABLE_MODULES = YES;
				CLANG_ENABLE_OBJC_ARC = YES;
				CLANG_ENABLE_OBJC_WEAK = YES;
				CLANG_WARN_BLOCK_CAPTURE_AUTORELEASING = YES;
				CLANG_WARN_BOOL_CONVERSION = YES;
				CLANG_WARN_COMMA = YES;
				CLANG_WARN_CONSTANT_CONVERSION = YES;
				CLANG_WARN_DEPRECATED_OBJC_IMPLEMENTATIONS = YES;
				CLANG_WARN_DIRECT_OBJC_ISA_USAGE = YES_ERROR;
				CLANG_WARN_DOCUMENTATION_COMMENTS = YES;
				CLANG_WARN_EMPTY_BODY = YES;
				CLANG_WARN_ENUM_CONVERSION = YES;
				CLANG_WARN_INFINITE_RECURSION = YES;
				CLANG_WARN_INT_CONVERSION = YES;
				CLANG_WARN_NON_LITERAL_NULL_CONVERSION = YES;
				CLANG_WARN_OBJC_IMPLICIT_RETAIN_SELF = YES;
				CLANG_WARN_OBJC_LITERAL_CONVERSION = YES;
				CLANG_WARN_OBJC_ROOT_CLASS = YES_ERROR;
				CLANG_WARN_QUOTED_INCLUDE_IN_FRAMEWORK_HEADER = YES;
				CLANG_WARN_RANGE_LOOP_ANALYSIS = YES;
				CLANG_WARN_STRICT_PROTOTYPES = YES;
				CLANG_WARN_SUSPICIOUS_MOVE = YES;
				CLANG_WARN_UNGUARDED_AVAILABILITY = YES_AGGRESSIVE;
				CLANG_WARN_UNREACHABLE_CODE = YES;
				CLANG_WARN__DUPLICATE_METHOD_MATCH = YES;
				COPY_PHASE_STRIP = NO;
				DEBUG_INFORMATION_FORMAT = "dwarf-with-dsym";
				ENABLE_NS_ASSERTIONS = NO;
				ENABLE_STRICT_OBJC_MSGSEND = YES;
				GCC_C_LANGUAGE_STANDARD = gnu11;
				GCC_NO_COMMON_BLOCKS = YES;
				GCC_WARN_64_TO_32_BIT_CONVERSION = YES;
				GCC_WARN_ABOUT_RETURN_TYPE = YES_ERROR;
				GCC_WARN_UNDECLARED_SELECTOR = YES;
				GCC_WARN_UNINITIALIZED_AUTOS = YES_AGGRESSIVE;
				GCC_WARN_UNUSED_FUNCTION = YES;
				GCC_WARN_UNUSED_VARIABLE = YES;
				IPHONEOS_DEPLOYMENT_TARGET = 14.4;
				MTL_ENABLE_DEBUG_INFO = NO;
				MTL_FAST_MATH = YES;
				SDKROOT = iphoneos;
				SWIFT_COMPILATION_MODE = wholemodule;
				SWIFT_OPTIMIZATION_LEVEL = "-O";
				VALIDATE_PRODUCT = YES;
			};
			name = Release;
		};
		793E14B227D445B40024C0C3 /* Debug */ = {
			isa = XCBuildConfiguration;
			baseConfigurationReference = 99FC3B68B0C30553CD5268CB /* Pods-CrushApp.debug.xcconfig */;
			buildSettings = {
				ASSETCATALOG_COMPILER_APPICON_NAME = AppIcon;
				ASSETCATALOG_COMPILER_GLOBAL_ACCENT_COLOR_NAME = AccentColor;
				CODE_SIGN_ENTITLEMENTS = CrushApp/CrushApp.entitlements;
				CODE_SIGN_STYLE = Automatic;
				DEVELOPMENT_ASSET_PATHS = "\"CrushApp/Preview Content\"";
				DEVELOPMENT_TEAM = 3YJ9LA6E4G;
				ENABLE_PREVIEWS = YES;
				INFOPLIST_FILE = CrushApp/Info.plist;
				IPHONEOS_DEPLOYMENT_TARGET = 14.0;
				LD_RUNPATH_SEARCH_PATHS = (
					"$(inherited)",
					"@executable_path/Frameworks",
				);
				PRODUCT_BUNDLE_IDENTIFIER = com.virtualtec.CrushApp;
				PRODUCT_NAME = "$(TARGET_NAME)";
				SWIFT_VERSION = 5.0;
				TARGETED_DEVICE_FAMILY = "1,2";
			};
			name = Debug;
		};
		793E14B327D445B40024C0C3 /* Release */ = {
			isa = XCBuildConfiguration;
			baseConfigurationReference = B0DD85419FE6791AE35E9011 /* Pods-CrushApp.release.xcconfig */;
			buildSettings = {
				ASSETCATALOG_COMPILER_APPICON_NAME = AppIcon;
				ASSETCATALOG_COMPILER_GLOBAL_ACCENT_COLOR_NAME = AccentColor;
				CODE_SIGN_ENTITLEMENTS = CrushApp/CrushApp.entitlements;
				CODE_SIGN_STYLE = Automatic;
				DEVELOPMENT_ASSET_PATHS = "\"CrushApp/Preview Content\"";
				DEVELOPMENT_TEAM = 3YJ9LA6E4G;
				ENABLE_PREVIEWS = YES;
				INFOPLIST_FILE = CrushApp/Info.plist;
				IPHONEOS_DEPLOYMENT_TARGET = 14.0;
				LD_RUNPATH_SEARCH_PATHS = (
					"$(inherited)",
					"@executable_path/Frameworks",
				);
				PRODUCT_BUNDLE_IDENTIFIER = com.virtualtec.CrushApp;
				PRODUCT_NAME = "$(TARGET_NAME)";
				SWIFT_VERSION = 5.0;
				TARGETED_DEVICE_FAMILY = "1,2";
			};
			name = Release;
		};
		793E14B527D445B40024C0C3 /* Debug */ = {
			isa = XCBuildConfiguration;
			baseConfigurationReference = 881E412C65AB934469BD0228 /* Pods-CrushAppTests.debug.xcconfig */;
			buildSettings = {
				ALWAYS_EMBED_SWIFT_STANDARD_LIBRARIES = YES;
				BUNDLE_LOADER = "$(TEST_HOST)";
				CODE_SIGN_STYLE = Automatic;
				DEVELOPMENT_TEAM = 3YJ9LA6E4G;
				INFOPLIST_FILE = CrushAppTests/Info.plist;
				IPHONEOS_DEPLOYMENT_TARGET = 14.0;
				LD_RUNPATH_SEARCH_PATHS = (
					"$(inherited)",
					"@executable_path/Frameworks",
					"@loader_path/Frameworks",
				);
				PRODUCT_BUNDLE_IDENTIFIER = virtualtec.CrushAppTests;
				PRODUCT_NAME = "$(TARGET_NAME)";
				SWIFT_VERSION = 5.0;
				TARGETED_DEVICE_FAMILY = "1,2";
				TEST_HOST = "$(BUILT_PRODUCTS_DIR)/CrushApp.app/CrushApp";
			};
			name = Debug;
		};
		793E14B627D445B40024C0C3 /* Release */ = {
			isa = XCBuildConfiguration;
			baseConfigurationReference = 8BD3424FD3321AE24B4EEEC3 /* Pods-CrushAppTests.release.xcconfig */;
			buildSettings = {
				ALWAYS_EMBED_SWIFT_STANDARD_LIBRARIES = YES;
				BUNDLE_LOADER = "$(TEST_HOST)";
				CODE_SIGN_STYLE = Automatic;
				DEVELOPMENT_TEAM = 3YJ9LA6E4G;
				INFOPLIST_FILE = CrushAppTests/Info.plist;
				IPHONEOS_DEPLOYMENT_TARGET = 14.0;
				LD_RUNPATH_SEARCH_PATHS = (
					"$(inherited)",
					"@executable_path/Frameworks",
					"@loader_path/Frameworks",
				);
				PRODUCT_BUNDLE_IDENTIFIER = virtualtec.CrushAppTests;
				PRODUCT_NAME = "$(TARGET_NAME)";
				SWIFT_VERSION = 5.0;
				TARGETED_DEVICE_FAMILY = "1,2";
				TEST_HOST = "$(BUILT_PRODUCTS_DIR)/CrushApp.app/CrushApp";
			};
			name = Release;
		};
		793E14B827D445B40024C0C3 /* Debug */ = {
			isa = XCBuildConfiguration;
			baseConfigurationReference = 48C039903E6AB34638C99BAD /* Pods-CrushApp-CrushAppUITests.debug.xcconfig */;
			buildSettings = {
				ALWAYS_EMBED_SWIFT_STANDARD_LIBRARIES = YES;
				CODE_SIGN_STYLE = Automatic;
				DEVELOPMENT_TEAM = 3YJ9LA6E4G;
				INFOPLIST_FILE = CrushAppUITests/Info.plist;
				LD_RUNPATH_SEARCH_PATHS = (
					"$(inherited)",
					"@executable_path/Frameworks",
					"@loader_path/Frameworks",
				);
				PRODUCT_BUNDLE_IDENTIFIER = virtualtec.CrushAppUITests;
				PRODUCT_NAME = "$(TARGET_NAME)";
				SWIFT_VERSION = 5.0;
				TARGETED_DEVICE_FAMILY = "1,2";
				TEST_TARGET_NAME = CrushApp;
			};
			name = Debug;
		};
		793E14B927D445B40024C0C3 /* Release */ = {
			isa = XCBuildConfiguration;
			baseConfigurationReference = 2148A4BF29B2D1E312D53F23 /* Pods-CrushApp-CrushAppUITests.release.xcconfig */;
			buildSettings = {
				ALWAYS_EMBED_SWIFT_STANDARD_LIBRARIES = YES;
				CODE_SIGN_STYLE = Automatic;
				DEVELOPMENT_TEAM = 3YJ9LA6E4G;
				INFOPLIST_FILE = CrushAppUITests/Info.plist;
				LD_RUNPATH_SEARCH_PATHS = (
					"$(inherited)",
					"@executable_path/Frameworks",
					"@loader_path/Frameworks",
				);
				PRODUCT_BUNDLE_IDENTIFIER = virtualtec.CrushAppUITests;
				PRODUCT_NAME = "$(TARGET_NAME)";
				SWIFT_VERSION = 5.0;
				TARGETED_DEVICE_FAMILY = "1,2";
				TEST_TARGET_NAME = CrushApp;
			};
			name = Release;
		};
/* End XCBuildConfiguration section */

/* Begin XCConfigurationList section */
		793E148727D445B10024C0C3 /* Build configuration list for PBXProject "CrushApp" */ = {
			isa = XCConfigurationList;
			buildConfigurations = (
				793E14AF27D445B40024C0C3 /* Debug */,
				793E14B027D445B40024C0C3 /* Release */,
			);
			defaultConfigurationIsVisible = 0;
			defaultConfigurationName = Release;
		};
		793E14B127D445B40024C0C3 /* Build configuration list for PBXNativeTarget "CrushApp" */ = {
			isa = XCConfigurationList;
			buildConfigurations = (
				793E14B227D445B40024C0C3 /* Debug */,
				793E14B327D445B40024C0C3 /* Release */,
			);
			defaultConfigurationIsVisible = 0;
			defaultConfigurationName = Release;
		};
		793E14B427D445B40024C0C3 /* Build configuration list for PBXNativeTarget "CrushAppTests" */ = {
			isa = XCConfigurationList;
			buildConfigurations = (
				793E14B527D445B40024C0C3 /* Debug */,
				793E14B627D445B40024C0C3 /* Release */,
			);
			defaultConfigurationIsVisible = 0;
			defaultConfigurationName = Release;
		};
		793E14B727D445B40024C0C3 /* Build configuration list for PBXNativeTarget "CrushAppUITests" */ = {
			isa = XCConfigurationList;
			buildConfigurations = (
				793E14B827D445B40024C0C3 /* Debug */,
				793E14B927D445B40024C0C3 /* Release */,
			);
			defaultConfigurationIsVisible = 0;
			defaultConfigurationName = Release;
		};
/* End XCConfigurationList section */
	};
	rootObject = 793E148427D445B10024C0C3 /* Project object */;
}
